<?xml version="1.0" encoding="utf-8"?>
<Project ToolsVersion="4.0" xmlns="http://schemas.microsoft.com/developer/msbuild/2003">
  <ItemGroup>
    <Filter Include="Archivos de origen">
      <UniqueIdentifier>{4FC737F1-C7A5-4376-A066-2A32D752A2FF}</UniqueIdentifier>
      <Extensions>cpp;c;cc;cxx;c++;cppm;ixx;def;odl;idl;hpj;bat;asm;asmx</Extensions>
    </Filter>
    <Filter Include="Archivos de encabezado">
      <UniqueIdentifier>{93995380-89BD-4b04-88EB-625FBE52EBFB}</UniqueIdentifier>
      <Extensions>h;hh;hpp;hxx;h++;hm;inl;inc;ipp;xsd</Extensions>
    </Filter>
    <Filter Include="Archivos de recursos">
      <UniqueIdentifier>{67DA6AB6-F800-4c08-8B7A-83BB121AAD01}</UniqueIdentifier>
      <Extensions>rc;ico;cur;bmp;dlg;rc2;rct;bin;rgs;gif;jpg;jpeg;jpe;resx;tiff;tif;png;wav;mfcribbon-ms</Extensions>
    </Filter>
    <Filter Include="Archivos de encabezado\GEAnimation">
      <UniqueIdentifier>{b5d2876a-8644-495e-8e81-9161189db2c8}</UniqueIdentifier>
    </Filter>
    <Filter Include="Archivos de encabezado\GEStructs">
      <UniqueIdentifier>{4ad23720-537b-42c6-8ea5-54701e25df66}</UniqueIdentifier>
    </Filter>
    <Filter Include="Archivos de encabezado\GEBuffers">
      <UniqueIdentifier>{e6bd98e6-8d4c-446b-9c16-a27b4f474b50}</UniqueIdentifier>
    </Filter>
    <Filter Include="Archivos de encabezado\GEFigures">
      <UniqueIdentifier>{9c9cbfb3-df7a-47e6-ae10-d3e5b688312f}</UniqueIdentifier>
    </Filter>
    <Filter Include="Archivos de encabezado\GEContexts">
      <UniqueIdentifier>{f62a60f8-8f64-4810-a04d-d0e75f0b1d7d}</UniqueIdentifier>
    </Filter>
    <Filter Include="Archivos de origen\GEAnimation">
      <UniqueIdentifier>{c75e68b3-8235-495b-9f32-c326f7999a51}</UniqueIdentifier>
    </Filter>
    <Filter Include="Archivos de origen\GEBuffers">
      <UniqueIdentifier>{9521ef4d-ee61-4152-96f8-85548504871d}</UniqueIdentifier>
    </Filter>
    <Filter Include="Archivos de origen\GEFigures">
      <UniqueIdentifier>{c37fc293-537c-48b8-9aeb-365417554dd6}</UniqueIdentifier>
    </Filter>
    <Filter Include="Archivos de origen\GEContexts">
      <UniqueIdentifier>{4be98e47-8426-4329-9442-b876ef339b54}</UniqueIdentifier>
    </Filter>
  </ItemGroup>
  <ItemGroup>
    <ClInclude Include="GEValidationLayer.h">
      <Filter>Archivos de encabezado</Filter>
    </ClInclude>
    <ClInclude Include="GETexture.h">
      <Filter>Archivos de encabezado</Filter>
    </ClInclude>
    <ClInclude Include="GEScene.h">
      <Filter>Archivos de encabezado</Filter>
    </ClInclude>
    <ClInclude Include="GEPipelineConfig.h">
      <Filter>Archivos de encabezado</Filter>
    </ClInclude>
    <ClInclude Include="GEDescriptorSet.h">
      <Filter>Archivos de encabezado</Filter>
    </ClInclude>
    <ClInclude Include="GECamera.h">
      <Filter>Archivos de encabezado</Filter>
    </ClInclude>
    <ClInclude Include="GEApplication.h">
      <Filter>Archivos de encabezado</Filter>
    </ClInclude>
    <ClInclude Include="GEBalljoint.h">
      <Filter>Archivos de encabezado\GEAnimation</Filter>
    </ClInclude>
    <ClInclude Include="GEAnimation.h">
      <Filter>Archivos de encabezado\GEAnimation</Filter>
    </ClInclude>
    <ClInclude Include="GECylinder.h">
      <Filter>Archivos de encabezado\GEFigures</Filter>
    </ClInclude>
    <ClInclude Include="GECubeAnimated.h">
      <Filter>Archivos de encabezado\GEFigures</Filter>
    </ClInclude>
    <ClInclude Include="GEGraphicsContext.h">
      <Filter>Archivos de encabezado\GEContexts</Filter>
    </ClInclude>
    <ClInclude Include="GEDrawingContext.h">
      <Filter>Archivos de encabezado\GEContexts</Filter>
    </ClInclude>
    <ClInclude Include="GECommandContext.h">
      <Filter>Archivos de encabezado\GEContexts</Filter>
    </ClInclude>
    <ClInclude Include="GERenderingContext.h">
      <Filter>Archivos de encabezado\GEContexts</Filter>
    </ClInclude>
    <ClInclude Include="GEBuffer.h">
      <Filter>Archivos de encabezado\GEBuffers</Filter>
    </ClInclude>
    <ClInclude Include="GEDepthBuffer.h">
      <Filter>Archivos de encabezado\GEBuffers</Filter>
    </ClInclude>
    <ClInclude Include="GEUniformBuffer.h">
      <Filter>Archivos de encabezado\GEBuffers</Filter>
    </ClInclude>
    <ClInclude Include="GEIndexBuffer.h">
      <Filter>Archivos de encabezado\GEBuffers</Filter>
    </ClInclude>
    <ClInclude Include="GEFigureAnimated.h">
      <Filter>Archivos de encabezado\GEFigures</Filter>
    </ClInclude>
    <ClInclude Include="GEFigureRigid.h">
      <Filter>Archivos de encabezado\GEFigures</Filter>
    </ClInclude>
    <ClInclude Include="GEGround.h">
      <Filter>Archivos de encabezado\GEFigures</Filter>
    </ClInclude>
    <ClInclude Include="GEVertexBuffer.h">
      <Filter>Archivos de encabezado\GEBuffers</Filter>
    </ClInclude>
    <ClInclude Include="GEListaPoses.h">
      <Filter>Archivos de encabezado\GEAnimation</Filter>
    </ClInclude>
    <ClInclude Include="GESkeleton.h">
      <Filter>Archivos de encabezado\GEAnimation</Filter>
    </ClInclude>
    <ClInclude Include="GESkeletonCylinder.h">
      <Filter>Archivos de encabezado\GEAnimation</Filter>
    </ClInclude>
    <ClInclude Include="GEStorageBuffer.h">
      <Filter>Archivos de encabezado\GEBuffers</Filter>
    </ClInclude>
    <ClInclude Include="GESphere.h">
      <Filter>Archivos de encabezado\GEFigures</Filter>
    </ClInclude>
    <ClInclude Include="GEKeyFrame.h">
      <Filter>Archivos de encabezado\GEStructs</Filter>
    </ClInclude>
    <ClInclude Include="GELight.h">
      <Filter>Archivos de encabezado\GEStructs</Filter>
    </ClInclude>
    <ClInclude Include="GEMaterial.h">
      <Filter>Archivos de encabezado\GEStructs</Filter>
    </ClInclude>
    <ClInclude Include="GETransform.h">
      <Filter>Archivos de encabezado\GEStructs</Filter>
    </ClInclude>
    <ClInclude Include="GEVertexRigid.h">
      <Filter>Archivos de encabezado\GEStructs</Filter>
    </ClInclude>
    <ClInclude Include="GEWindowPosition.h">
      <Filter>Archivos de encabezado\GEStructs</Filter>
    </ClInclude>
    <ClInclude Include="resource.h">
      <Filter>Archivos de encabezado\GEFigures</Filter>
    </ClInclude>
    <ClInclude Include="GEVertexAnimated.h">
      <Filter>Archivos de encabezado\GEStructs</Filter>
    </ClInclude>
    <ClInclude Include="GECylinderAnimated.h">
      <Filter>Archivos de encabezado\GEFigures</Filter>
    </ClInclude>
  </ItemGroup>
  <ItemGroup>
    <ClCompile Include="main.cpp">
      <Filter>Archivos de origen</Filter>
    </ClCompile>
    <ClCompile Include="GEValidationLayer.cpp">
      <Filter>Archivos de origen</Filter>
    </ClCompile>
    <ClCompile Include="GETexture.cpp">
      <Filter>Archivos de origen</Filter>
    </ClCompile>
    <ClCompile Include="GEScene.cpp">
      <Filter>Archivos de origen</Filter>
    </ClCompile>
    <ClCompile Include="GEPipelineConfig.cpp">
      <Filter>Archivos de origen</Filter>
    </ClCompile>
    <ClCompile Include="GEDescriptorSet.cpp">
      <Filter>Archivos de origen</Filter>
    </ClCompile>
    <ClCompile Include="GECamera.cpp">
      <Filter>Archivos de origen</Filter>
    </ClCompile>
    <ClCompile Include="GEApplication.cpp">
      <Filter>Archivos de origen</Filter>
    </ClCompile>
    <ClCompile Include="GEAnimation.cpp">
      <Filter>Archivos de origen\GEAnimation</Filter>
    </ClCompile>
    <ClCompile Include="GEBalljoint.cpp">
      <Filter>Archivos de origen\GEAnimation</Filter>
    </ClCompile>
    <ClCompile Include="GESkeletonCylinder.cpp">
      <Filter>Archivos de origen\GEAnimation</Filter>
    </ClCompile>
    <ClCompile Include="GESkeleton.cpp">
      <Filter>Archivos de origen\GEAnimation</Filter>
    </ClCompile>
    <ClCompile Include="GEListaPoses.cpp">
      <Filter>Archivos de origen\GEAnimation</Filter>
    </ClCompile>
    <ClCompile Include="GEBuffercpp.cpp">
      <Filter>Archivos de origen\GEBuffers</Filter>
    </ClCompile>
    <ClCompile Include="GEDepthBuffer.cpp">
      <Filter>Archivos de origen\GEBuffers</Filter>
    </ClCompile>
    <ClCompile Include="GEIndexBuffer.cpp">
      <Filter>Archivos de origen\GEBuffers</Filter>
    </ClCompile>
    <ClCompile Include="GEStorageBuffer.cpp">
      <Filter>Archivos de origen\GEBuffers</Filter>
    </ClCompile>
    <ClCompile Include="GEVertexBuffer.cpp">
      <Filter>Archivos de origen\GEBuffers</Filter>
    </ClCompile>
    <ClCompile Include="GEUniformBuffer.cpp">
      <Filter>Archivos de origen\GEBuffers</Filter>
    </ClCompile>
    <ClCompile Include="GECommandContext.cpp">
      <Filter>Archivos de origen\GEContexts</Filter>
    </ClCompile>
    <ClCompile Include="GEGraphicsContext.cpp">
      <Filter>Archivos de origen\GEContexts</Filter>
    </ClCompile>
    <ClCompile Include="GERenderingContext.cpp">
      <Filter>Archivos de origen\GEContexts</Filter>
    </ClCompile>
    <ClCompile Include="GEDrawingContext.cpp">
      <Filter>Archivos de origen\GEContexts</Filter>
    </ClCompile>
    <ClCompile Include="GECubeAnimated.cpp">
      <Filter>Archivos de origen\GEFigures</Filter>
    </ClCompile>
    <ClCompile Include="GECylinder.cpp">
      <Filter>Archivos de origen\GEFigures</Filter>
    </ClCompile>
    <ClCompile Include="GEFigureAnimated.cpp">
      <Filter>Archivos de origen\GEFigures</Filter>
    </ClCompile>
    <ClCompile Include="GEFigureRigid.cpp">
      <Filter>Archivos de origen\GEFigures</Filter>
    </ClCompile>
    <ClCompile Include="GESphere.cpp">
      <Filter>Archivos de origen\GEFigures</Filter>
    </ClCompile>
    <ClCompile Include="GEGround.cpp">
      <Filter>Archivos de origen\GEBuffers</Filter>
    </ClCompile>
    <ClCompile Include="GECylinderAnimated.cpp">
      <Filter>Archivos de origen\GEFigures</Filter>
    </ClCompile>
  </ItemGroup>
  <ItemGroup>
    <ResourceCompile Include="Proyecto2.rc">
      <Filter>Archivos de recursos</Filter>
    </ResourceCompile>
  </ItemGroup>
</Project>